
Microsoft Visual Studio Solution File, Format Version 12.00
# Visual Studio Version 16
VisualStudioVersion = 16.0.32228.343
MinimumVisualStudioVersion = 10.0.40219.1
Project("{FAE04EC0-301F-11D3-BF4B-00C04F79EFBC}") = "ConsoleApp11", "ConsoleApp11\ConsoleApp11.csproj", "{72B2FE7C-D4CA-433F-8850-E4B60470ABF6}"
EndProject
Project("{FAE04EC0-301F-11D3-BF4B-00C04F79EFBC}") = "ConsoleApp1", "ConsoleApp1\ConsoleApp1.csproj", "{BB7E0136-A87D-4202-AD62-CEB52967C610}"
EndProject
Global
	GlobalSection(SolutionConfigurationPlatforms) = preSolution
		Debug|Any CPU = Debug|Any CPU
		Release|Any CPU = Release|Any CPU
	EndGlobalSection
	GlobalSection(ProjectConfigurationPlatforms) = postSolution
		{72B2FE7C-D4CA-433F-8850-E4B60470ABF6}.Debug|Any CPU.ActiveCfg = Debug|Any CPU
		{72B2FE7C-D4CA-433F-8850-E4B60470ABF6}.Debug|Any CPU.Build.0 = Debug|Any CPU
		{72B2FE7C-D4CA-433F-8850-E4B60470ABF6}.Release|Any CPU.ActiveCfg = Release|Any CPU
		{72B2FE7C-D4CA-433F-8850-E4B60470ABF6}.Release|Any CPU.Build.0 = Release|Any CPU
		{BB7E0136-A87D-4202-AD62-CEB52967C610}.Debug|Any CPU.ActiveCfg = Debug|Any CPU
		{BB7E0136-A87D-4202-AD62-CEB52967C610}.Debug|Any CPU.Build.0 = Debug|Any CPU
		{BB7E0136-A87D-4202-AD62-CEB52967C610}.Release|Any CPU.ActiveCfg = Release|Any CPU
		{BB7E0136-A87D-4202-AD62-CEB52967C610}.Release|Any CPU.Build.0 = Release|Any CPU
	EndGlobalSection
	GlobalSection(SolutionProperties) = preSolution
		HideSolutionNode = FALSE
	EndGlobalSection
	GlobalSection(ExtensibilityGlobals) = postSolution
		SolutionGuid = {80091062-61C4-4DE9-AEAF-E126B25DA9BD}
	EndGlobalSection
EndGlobal
